<?xml version="1.0" encoding="utf-8"?>
<Project ToolsVersion="4.0" xmlns="http://schemas.microsoft.com/developer/msbuild/2003">
  <ItemGroup>
    <Filter Include="app">
      <UniqueIdentifier>{665E880B-D267-887C-5BE3-9E7CC7EB937C}</UniqueIdentifier>
    </Filter>
    <Filter Include="unit">
      <UniqueIdentifier>{C5199F7C-B150-A00D-5A3D-861046531C0F}</UniqueIdentifier>
    </Filter>
    <Filter Include="unit\internal">
      <UniqueIdentifier>{B18926B7-1D4A-A2ED-E684-EB6A5204E7C9}</UniqueIdentifier>
    </Filter>
  </ItemGroup>
  <ItemGroup>
    <ClInclude Include="app\coTestApp.h">
      <Filter>app</Filter>
    </ClInclude>
    <ClInclude Include="pch.h" />
    <ClInclude Include="publicPch.h" />
    <ClInclude Include="unit\coTest.h">
      <Filter>unit</Filter>
    </ClInclude>
    <ClInclude Include="unit\coTestRegistry.h">
      <Filter>unit</Filter>
    </ClInclude>
    <ClInclude Include="unit\internal\coTestAutoRegistrator.h">
      <Filter>unit\internal</Filter>
    </ClInclude>
    <ClInclude Include="unit\internal\coTestFactory.h">
      <Filter>unit\internal</Filter>
    </ClInclude>
    <ClInclude Include="unit\internal\coTestInfo.h">
      <Filter>unit\internal</Filter>
    </ClInclude>
  </ItemGroup>
  <ItemGroup>
    <ClCompile Include="app\coTestApp.cpp">
      <Filter>app</Filter>
    </ClCompile>
    <ClCompile Include="pch.cpp" />
    <ClCompile Include="unit\coTest.cpp">
      <Filter>unit</Filter>
    </ClCompile>
    <ClCompile Include="unit\coTestRegistry.cpp">
      <Filter>unit</Filter>
    </ClCompile>
    <ClCompile Include="unit\internal\coTestAutoRegistrator.cpp">
      <Filter>unit\internal</Filter>
    </ClCompile>
    <ClCompile Include="unit\internal\coTestInfo.cpp">
      <Filter>unit\internal</Filter>
    </ClCompile>
  </ItemGroup>
</Project>