<?xml version="1.0" encoding="utf-8"?>
<Project ToolsVersion="4.0" xmlns="http://schemas.microsoft.com/developer/msbuild/2003">
  <ItemGroup>
    <Filter Include="array">
      <UniqueIdentifier>{24BE1A0F-90D2-42C0-5954-E61FC5273FF1}</UniqueIdentifier>
    </Filter>
    <Filter Include="array\dynamic">
      <UniqueIdentifier>{B83C8CDA-24FD-0711-ED37-518E59B74CED}</UniqueIdentifier>
    </Filter>
    <Filter Include="handle">
      <UniqueIdentifier>{71D89001-5D7A-BBD7-4635-CF2B32764228}</UniqueIdentifier>
    </Filter>
    <Filter Include="list">
      <UniqueIdentifier>{61169A7C-4D4D-9B0D-F639-8110E24F170F}</UniqueIdentifier>
    </Filter>
    <Filter Include="map">
      <UniqueIdentifier>{838F880B-EF98-887C-7814-9F7CE41C947C}</UniqueIdentifier>
    </Filter>
    <Filter Include="map\internal">
      <UniqueIdentifier>{2F555BF0-1BB8-EA94-C43D-234BB07FB617}</UniqueIdentifier>
    </Filter>
    <Filter Include="pool">
      <UniqueIdentifier>{DF609C7C-CB97-9D0D-7484-8310609A190F}</UniqueIdentifier>
    </Filter>
    <Filter Include="queue">
      <UniqueIdentifier>{8AB63D10-F6CA-65C1-BF4C-09212B2062F2}</UniqueIdentifier>
    </Filter>
    <Filter Include="string">
      <UniqueIdentifier>{FCAF931C-E851-BEF2-D10C-D246BD4D4543}</UniqueIdentifier>
    </Filter>
  </ItemGroup>
  <ItemGroup>
    <ClInclude Include="array\coArray.h">
      <Filter>array</Filter>
    </ClInclude>
    <ClInclude Include="array\coArray_f.h">
      <Filter>array</Filter>
    </ClInclude>
    <ClInclude Include="array\coBitArray.h">
      <Filter>array</Filter>
    </ClInclude>
    <ClInclude Include="array\coConstArray.h">
      <Filter>array</Filter>
    </ClInclude>
    <ClInclude Include="array\coConstArray_f.h">
      <Filter>array</Filter>
    </ClInclude>
    <ClInclude Include="array\coDynamicArray.h">
      <Filter>array</Filter>
    </ClInclude>
    <ClInclude Include="array\coDynamicArray_f.h">
      <Filter>array</Filter>
    </ClInclude>
    <ClInclude Include="array\coDynamicArrayx3.h">
      <Filter>array</Filter>
    </ClInclude>
    <ClInclude Include="array\coDynamicArrayx3_f.h">
      <Filter>array</Filter>
    </ClInclude>
    <ClInclude Include="array\coDynamicBitArray.h">
      <Filter>array</Filter>
    </ClInclude>
    <ClInclude Include="array\coDynamicBitArray_f.h">
      <Filter>array</Filter>
    </ClInclude>
    <ClInclude Include="array\coFixedArray.h">
      <Filter>array</Filter>
    </ClInclude>
    <ClInclude Include="array\coFixedArray_f.h">
      <Filter>array</Filter>
    </ClInclude>
    <ClInclude Include="array\dynamic\coDynamicArrayType_f.h">
      <Filter>array\dynamic</Filter>
    </ClInclude>
    <ClInclude Include="array\dynamic\coReverseDynamicArray.h">
      <Filter>array\dynamic</Filter>
    </ClInclude>
    <ClInclude Include="array\dynamic\coReverseDynamicArray_f.h">
      <Filter>array\dynamic</Filter>
    </ClInclude>
    <ClInclude Include="handle\coHandle.h">
      <Filter>handle</Filter>
    </ClInclude>
    <ClInclude Include="list\coList.h">
      <Filter>list</Filter>
    </ClInclude>
    <ClInclude Include="list\coListNode.h">
      <Filter>list</Filter>
    </ClInclude>
    <ClInclude Include="list\coList_f.h">
      <Filter>list</Filter>
    </ClInclude>
    <ClInclude Include="list\coNodeList.h">
      <Filter>list</Filter>
    </ClInclude>
    <ClInclude Include="list\coNodeList_f.h">
      <Filter>list</Filter>
    </ClInclude>
    <ClInclude Include="map\coHashMap.h">
      <Filter>map</Filter>
    </ClInclude>
    <ClInclude Include="map\coHashMapHash.h">
      <Filter>map</Filter>
    </ClInclude>
    <ClInclude Include="map\coHashMapHash_f.h">
      <Filter>map</Filter>
    </ClInclude>
    <ClInclude Include="map\coHashMap_f.h">
      <Filter>map</Filter>
    </ClInclude>
    <ClInclude Include="map\internal\_coHashMap_f.h">
      <Filter>map\internal</Filter>
    </ClInclude>
    <ClInclude Include="pch.h" />
    <ClInclude Include="pool\coPool.h">
      <Filter>pool</Filter>
    </ClInclude>
    <ClInclude Include="pool\coPool_f.h">
      <Filter>pool</Filter>
    </ClInclude>
    <ClInclude Include="publicPch.h" />
    <ClInclude Include="queue\coDynamicQueue.h">
      <Filter>queue</Filter>
    </ClInclude>
    <ClInclude Include="queue\coDynamicQueue_f.h">
      <Filter>queue</Filter>
    </ClInclude>
    <ClInclude Include="queue\coQueue.h">
      <Filter>queue</Filter>
    </ClInclude>
    <ClInclude Include="queue\coQueue_f.h">
      <Filter>queue</Filter>
    </ClInclude>
    <ClInclude Include="string\coChar_f.h">
      <Filter>string</Filter>
    </ClInclude>
    <ClInclude Include="string\coConstString.h">
      <Filter>string</Filter>
    </ClInclude>
    <ClInclude Include="string\coConstString16.h">
      <Filter>string</Filter>
    </ClInclude>
    <ClInclude Include="string\coConstString_f.h">
      <Filter>string</Filter>
    </ClInclude>
    <ClInclude Include="string\coDynamicString.h">
      <Filter>string</Filter>
    </ClInclude>
    <ClInclude Include="string\coDynamicString16.h">
      <Filter>string</Filter>
    </ClInclude>
    <ClInclude Include="string\coDynamicString16_f.h">
      <Filter>string</Filter>
    </ClInclude>
    <ClInclude Include="string\coDynamicString_f.h">
      <Filter>string</Filter>
    </ClInclude>
    <ClInclude Include="string\coString.h">
      <Filter>string</Filter>
    </ClInclude>
    <ClInclude Include="string\coString_f.h">
      <Filter>string</Filter>
    </ClInclude>
  </ItemGroup>
  <ItemGroup>
    <ClCompile Include="array\coDynamicArray_f.cpp">
      <Filter>array</Filter>
    </ClCompile>
    <ClCompile Include="array\coDynamicArrayx3.cpp">
      <Filter>array</Filter>
    </ClCompile>
    <ClCompile Include="array\coDynamicArrayx3_f.cpp">
      <Filter>array</Filter>
    </ClCompile>
    <ClCompile Include="array\coDynamicBitArray_f.cpp">
      <Filter>array</Filter>
    </ClCompile>
    <ClCompile Include="array\coFixedArray_f.cpp">
      <Filter>array</Filter>
    </ClCompile>
    <ClCompile Include="list\coList.cpp">
      <Filter>list</Filter>
    </ClCompile>
    <ClCompile Include="list\coListNode.cpp">
      <Filter>list</Filter>
    </ClCompile>
    <ClCompile Include="list\coNodeList.cpp">
      <Filter>list</Filter>
    </ClCompile>
    <ClCompile Include="list\coNodeList_f.cpp">
      <Filter>list</Filter>
    </ClCompile>
    <ClCompile Include="pch.cpp" />
    <ClCompile Include="queue\coDynamicQueue.cpp">
      <Filter>queue</Filter>
    </ClCompile>
    <ClCompile Include="queue\coDynamicQueue_f.cpp">
      <Filter>queue</Filter>
    </ClCompile>
    <ClCompile Include="queue\coQueue.cpp">
      <Filter>queue</Filter>
    </ClCompile>
    <ClCompile Include="queue\coQueue_f.cpp">
      <Filter>queue</Filter>
    </ClCompile>
    <ClCompile Include="string\coChar_f.cpp">
      <Filter>string</Filter>
    </ClCompile>
    <ClCompile Include="string\coConstString.cpp">
      <Filter>string</Filter>
    </ClCompile>
    <ClCompile Include="string\coConstString16.cpp">
      <Filter>string</Filter>
    </ClCompile>
    <ClCompile Include="string\coConstString_f.cpp">
      <Filter>string</Filter>
    </ClCompile>
    <ClCompile Include="string\coDynamicString.cpp">
      <Filter>string</Filter>
    </ClCompile>
    <ClCompile Include="string\coDynamicString16.cpp">
      <Filter>string</Filter>
    </ClCompile>
    <ClCompile Include="string\coDynamicString16_f.cpp">
      <Filter>string</Filter>
    </ClCompile>
    <ClCompile Include="string\coDynamicString_f.cpp">
      <Filter>string</Filter>
    </ClCompile>
    <ClCompile Include="string\coString_f.cpp">
      <Filter>string</Filter>
    </ClCompile>
  </ItemGroup>
  <ItemGroup>
    <Natvis Include="coNatvis.natvis" />
  </ItemGroup>
</Project>