<?xml version="1.0" encoding="utf-8"?>
<Project ToolsVersion="4.0" xmlns="http://schemas.microsoft.com/developer/msbuild/2003">
  <ItemGroup>
    <Filter Include="buffer">
      <UniqueIdentifier>{5F73F7F4-4B15-22CB-34D0-351F2011A91B}</UniqueIdentifier>
    </Filter>
    <Filter Include="context">
      <UniqueIdentifier>{CA9A79D3-367A-F86E-3F92-8345ABF05ED0}</UniqueIdentifier>
    </Filter>
    <Filter Include="debug">
      <UniqueIdentifier>{2CA5490F-98B9-71C0-613B-1520CD0E6EF1}</UniqueIdentifier>
    </Filter>
    <Filter Include="manager">
      <UniqueIdentifier>{605C8DB4-CC3B-0C50-D553-972641B272B1}</UniqueIdentifier>
    </Filter>
    <Filter Include="mesh">
      <UniqueIdentifier>{B2919A7C-9EC8-9B0D-47B5-811033CB170F}</UniqueIdentifier>
    </Filter>
    <Filter Include="picker">
      <UniqueIdentifier>{43F6C414-2F98-EFEA-1853-033F0494763B}</UniqueIdentifier>
    </Filter>
    <Filter Include="sampler">
      <UniqueIdentifier>{59FF6082-C5DE-DF1D-CEF6-6AF43A55467F}</UniqueIdentifier>
    </Filter>
    <Filter Include="shader">
      <UniqueIdentifier>{1C21B11B-08C3-DBF1-F17D-EF45DDBE6242}</UniqueIdentifier>
    </Filter>
    <Filter Include="shaders">
      <UniqueIdentifier>{0F45D591-7B24-542D-843C-DF03F09ABA8E}</UniqueIdentifier>
    </Filter>
    <Filter Include="texture">
      <UniqueIdentifier>{964579D9-0225-F874-0B3D-834B779B5ED6}</UniqueIdentifier>
    </Filter>
    <Filter Include="view">
      <UniqueIdentifier>{60909F7C-4CC7-A00D-F5B3-8610E1C91C0F}</UniqueIdentifier>
    </Filter>
  </ItemGroup>
  <ItemGroup>
    <ClInclude Include="buffer\coRenderBuffer.h">
      <Filter>buffer</Filter>
    </ClInclude>
    <ClInclude Include="buffer\coRenderFrameBuffer.h">
      <Filter>buffer</Filter>
    </ClInclude>
    <ClInclude Include="context\coRenderContext.h">
      <Filter>context</Filter>
    </ClInclude>
    <ClInclude Include="context\coRender_f.h">
      <Filter>context</Filter>
    </ClInclude>
    <ClInclude Include="debug\coDebugRender.h">
      <Filter>debug</Filter>
    </ClInclude>
    <ClInclude Include="debug\coDebugRenderScope.h">
      <Filter>debug</Filter>
    </ClInclude>
    <ClInclude Include="debug\coDebugRenderer.h">
      <Filter>debug</Filter>
    </ClInclude>
    <ClInclude Include="manager\coRenderManager.h">
      <Filter>manager</Filter>
    </ClInclude>
    <ClInclude Include="mesh\coRenderMesh.h">
      <Filter>mesh</Filter>
    </ClInclude>
    <ClInclude Include="pch.h" />
    <ClInclude Include="picker\coPicker.h">
      <Filter>picker</Filter>
    </ClInclude>
    <ClInclude Include="publicPch.h" />
    <ClInclude Include="sampler\coRenderSampler.h">
      <Filter>sampler</Filter>
    </ClInclude>
    <ClInclude Include="shader\coShader.h">
      <Filter>shader</Filter>
    </ClInclude>
    <ClInclude Include="shader\coShaderFile.h">
      <Filter>shader</Filter>
    </ClInclude>
    <ClInclude Include="texture\coRenderTexture.h">
      <Filter>texture</Filter>
    </ClInclude>
    <ClInclude Include="view\coRenderView.h">
      <Filter>view</Filter>
    </ClInclude>
  </ItemGroup>
  <ItemGroup>
    <ClCompile Include="buffer\coRenderBuffer.cpp">
      <Filter>buffer</Filter>
    </ClCompile>
    <ClCompile Include="buffer\coRenderFrameBuffer.cpp">
      <Filter>buffer</Filter>
    </ClCompile>
    <ClCompile Include="context\coRenderContext.cpp">
      <Filter>context</Filter>
    </ClCompile>
    <ClCompile Include="context\coRender_f.cpp">
      <Filter>context</Filter>
    </ClCompile>
    <ClCompile Include="debug\coDebugRender.cpp">
      <Filter>debug</Filter>
    </ClCompile>
    <ClCompile Include="debug\coDebugRenderScope.cpp">
      <Filter>debug</Filter>
    </ClCompile>
    <ClCompile Include="debug\coDebugRenderer.cpp">
      <Filter>debug</Filter>
    </ClCompile>
    <ClCompile Include="manager\coRenderManager.cpp">
      <Filter>manager</Filter>
    </ClCompile>
    <ClCompile Include="mesh\coRenderMesh.cpp">
      <Filter>mesh</Filter>
    </ClCompile>
    <ClCompile Include="pch.cpp" />
    <ClCompile Include="picker\coPicker.cpp">
      <Filter>picker</Filter>
    </ClCompile>
    <ClCompile Include="sampler\coRenderSampler.cpp">
      <Filter>sampler</Filter>
    </ClCompile>
    <ClCompile Include="shader\coShader.cpp">
      <Filter>shader</Filter>
    </ClCompile>
    <ClCompile Include="shader\coShaderFile.cpp">
      <Filter>shader</Filter>
    </ClCompile>
    <ClCompile Include="texture\coRenderTexture.cpp">
      <Filter>texture</Filter>
    </ClCompile>
    <ClCompile Include="view\coRenderView.cpp">
      <Filter>view</Filter>
    </ClCompile>
  </ItemGroup>
  <ItemGroup>
    <CustomBuild Include="shaders\Debug.frag">
      <Filter>shaders</Filter>
    </CustomBuild>
    <CustomBuild Include="shaders\Debug.vert">
      <Filter>shaders</Filter>
    </CustomBuild>
    <CustomBuild Include="shaders\DrawTexture.frag">
      <Filter>shaders</Filter>
    </CustomBuild>
    <CustomBuild Include="shaders\DrawTexture.vert">
      <Filter>shaders</Filter>
    </CustomBuild>
    <CustomBuild Include="shaders\MeshPicker.frag">
      <Filter>shaders</Filter>
    </CustomBuild>
    <CustomBuild Include="shaders\MeshPicker.vert">
      <Filter>shaders</Filter>
    </CustomBuild>
    <CustomBuild Include="shaders\TrianglePicker.frag">
      <Filter>shaders</Filter>
    </CustomBuild>
    <CustomBuild Include="shaders\TrianglePicker.vert">
      <Filter>shaders</Filter>
    </CustomBuild>
    <CustomBuild Include="shaders\VertexPicker.frag">
      <Filter>shaders</Filter>
    </CustomBuild>
    <CustomBuild Include="shaders\VertexPicker.vert">
      <Filter>shaders</Filter>
    </CustomBuild>
    <CustomBuild Include="shaders\Wireframe.frag">
      <Filter>shaders</Filter>
    </CustomBuild>
    <CustomBuild Include="shaders\Wireframe.geom">
      <Filter>shaders</Filter>
    </CustomBuild>
    <CustomBuild Include="shaders\Wireframe.vert">
      <Filter>shaders</Filter>
    </CustomBuild>
  </ItemGroup>
</Project>