<?xml version="1.0" encoding="utf-8"?>
<Project ToolsVersion="4.0" xmlns="http://schemas.microsoft.com/developer/msbuild/2003">
  <ItemGroup>
    <Filter Include="component">
      <UniqueIdentifier>{18DEAB42-8448-60B9-CD86-115F39303E0E}</UniqueIdentifier>
    </Filter>
    <Filter Include="entity">
      <UniqueIdentifier>{C2FD7FFB-AE9F-AAD1-975A-BE25839B3122}</UniqueIdentifier>
    </Filter>
    <Filter Include="event">
      <UniqueIdentifier>{071C650F-7330-8DC0-3CB2-3020A88589F1}</UniqueIdentifier>
    </Filter>
    <Filter Include="event\lib">
      <UniqueIdentifier>{AD662D35-19D1-E1AB-620F-9351CEB8BF00}</UniqueIdentifier>
    </Filter>
    <Filter Include="lib">
      <UniqueIdentifier>{3C8C880B-A895-887C-3111-9F7C9D19947C}</UniqueIdentifier>
    </Filter>
    <Filter Include="lib\node">
      <UniqueIdentifier>{914846A2-7D15-A1AD-A62E-8F55925AD63B}</UniqueIdentifier>
    </Filter>
    <Filter Include="lib\ownership">
      <UniqueIdentifier>{2A845024-9644-CC5A-5F7F-15D8CBFE1037}</UniqueIdentifier>
    </Filter>
    <Filter Include="lib\uuid">
      <UniqueIdentifier>{62394AA2-4E06-A5AD-771F-9355634BDA3B}</UniqueIdentifier>
    </Filter>
    <Filter Include="processor">
      <UniqueIdentifier>{A587B26C-11F2-66E3-5A30-1889C6D94438}</UniqueIdentifier>
    </Filter>
    <Filter Include="storage">
      <UniqueIdentifier>{7A1ED8AE-E6FD-564A-EF15-E2205B74BDAB}</UniqueIdentifier>
    </Filter>
  </ItemGroup>
  <ItemGroup>
    <ClInclude Include="coECS.h" />
    <ClInclude Include="component\coComponent.h">
      <Filter>component</Filter>
    </ClInclude>
    <ClInclude Include="component\coComponentHandle.h">
      <Filter>component</Filter>
    </ClInclude>
    <ClInclude Include="component\coComponentIterator.h">
      <Filter>component</Filter>
    </ClInclude>
    <ClInclude Include="component\coComponentRegistry.h">
      <Filter>component</Filter>
    </ClInclude>
    <ClInclude Include="component\coComponentSystem.h">
      <Filter>component</Filter>
    </ClInclude>
    <ClInclude Include="component\coComponentType.h">
      <Filter>component</Filter>
    </ClInclude>
    <ClInclude Include="component\coComponent_f.h">
      <Filter>component</Filter>
    </ClInclude>
    <ClInclude Include="entity\coEntity.h">
      <Filter>entity</Filter>
    </ClInclude>
    <ClInclude Include="entity\coEntityDecl.h">
      <Filter>entity</Filter>
    </ClInclude>
    <ClInclude Include="entity\coEntityHandle.h">
      <Filter>entity</Filter>
    </ClInclude>
    <ClInclude Include="entity\coEntityHandle_f.h">
      <Filter>entity</Filter>
    </ClInclude>
    <ClInclude Include="entity\coEntityIterator.h">
      <Filter>entity</Filter>
    </ClInclude>
    <ClInclude Include="entity\coEntityType.h">
      <Filter>entity</Filter>
    </ClInclude>
    <ClInclude Include="entity\coEntityTypeRegistry.h">
      <Filter>entity</Filter>
    </ClInclude>
    <ClInclude Include="entity\coEntityType_f.h">
      <Filter>entity</Filter>
    </ClInclude>
    <ClInclude Include="entity\coEntity_f.h">
      <Filter>entity</Filter>
    </ClInclude>
    <ClInclude Include="event\coEvent.h">
      <Filter>event</Filter>
    </ClInclude>
    <ClInclude Include="event\coEventManager.h">
      <Filter>event</Filter>
    </ClInclude>
    <ClInclude Include="event\lib\coEntityUpdateStateEvent.h">
      <Filter>event\lib</Filter>
    </ClInclude>
    <ClInclude Include="lib\node\coNode.h">
      <Filter>lib\node</Filter>
    </ClInclude>
    <ClInclude Include="lib\ownership\coOwnership.h">
      <Filter>lib\ownership</Filter>
    </ClInclude>
    <ClInclude Include="lib\uuid\coUuidComp.h">
      <Filter>lib\uuid</Filter>
    </ClInclude>
    <ClInclude Include="lib\uuid\coUuidRegistry.h">
      <Filter>lib\uuid</Filter>
    </ClInclude>
    <ClInclude Include="pch.h" />
    <ClInclude Include="processor\coProcessor.h">
      <Filter>processor</Filter>
    </ClInclude>
    <ClInclude Include="processor\coProcessorConfig.h">
      <Filter>processor</Filter>
    </ClInclude>
    <ClInclude Include="publicPch.h" />
    <ClInclude Include="storage\coEntityPackStorage.h">
      <Filter>storage</Filter>
    </ClInclude>
    <ClInclude Include="storage\coEntityStorage.h">
      <Filter>storage</Filter>
    </ClInclude>
  </ItemGroup>
  <ItemGroup>
    <ClCompile Include="coECS.cpp" />
    <ClCompile Include="component\coComponent.cpp">
      <Filter>component</Filter>
    </ClCompile>
    <ClCompile Include="component\coComponentHandle.cpp">
      <Filter>component</Filter>
    </ClCompile>
    <ClCompile Include="component\coComponentIterator.cpp">
      <Filter>component</Filter>
    </ClCompile>
    <ClCompile Include="component\coComponentRegistry.cpp">
      <Filter>component</Filter>
    </ClCompile>
    <ClCompile Include="component\coComponentSystem.cpp">
      <Filter>component</Filter>
    </ClCompile>
    <ClCompile Include="component\coComponentType.cpp">
      <Filter>component</Filter>
    </ClCompile>
    <ClCompile Include="entity\coEntity.cpp">
      <Filter>entity</Filter>
    </ClCompile>
    <ClCompile Include="entity\coEntityHandle.cpp">
      <Filter>entity</Filter>
    </ClCompile>
    <ClCompile Include="entity\coEntityType.cpp">
      <Filter>entity</Filter>
    </ClCompile>
    <ClCompile Include="entity\coEntityTypeRegistry.cpp">
      <Filter>entity</Filter>
    </ClCompile>
    <ClCompile Include="event\coEvent.cpp">
      <Filter>event</Filter>
    </ClCompile>
    <ClCompile Include="event\coEventManager.cpp">
      <Filter>event</Filter>
    </ClCompile>
    <ClCompile Include="lib\node\coNode.cpp">
      <Filter>lib\node</Filter>
    </ClCompile>
    <ClCompile Include="lib\ownership\coOwnership.cpp">
      <Filter>lib\ownership</Filter>
    </ClCompile>
    <ClCompile Include="lib\uuid\coUuidComp.cpp">
      <Filter>lib\uuid</Filter>
    </ClCompile>
    <ClCompile Include="lib\uuid\coUuidRegistry.cpp">
      <Filter>lib\uuid</Filter>
    </ClCompile>
    <ClCompile Include="pch.cpp" />
    <ClCompile Include="processor\coProcessor.cpp">
      <Filter>processor</Filter>
    </ClCompile>
    <ClCompile Include="storage\coEntityPackStorage.cpp">
      <Filter>storage</Filter>
    </ClCompile>
    <ClCompile Include="storage\coEntityStorage.cpp">
      <Filter>storage</Filter>
    </ClCompile>
  </ItemGroup>
</Project>