<?xml version="1.0" encoding="utf-8"?>
<Project ToolsVersion="4.0" xmlns="http://schemas.microsoft.com/developer/msbuild/2003">
  <ItemGroup>
    <Filter Include="input">
      <UniqueIdentifier>{B54AA90F-215F-D1C0-EAE0-742056B4CDF1}</UniqueIdentifier>
    </Filter>
    <Filter Include="window">
      <UniqueIdentifier>{5DFE1E25-49A0-49FB-325B-5D4F1E9CD04B}</UniqueIdentifier>
    </Filter>
  </ItemGroup>
  <ItemGroup>
    <ClInclude Include="coApp.h" />
    <ClInclude Include="coCommandLineArgs.h" />
    <ClInclude Include="coProject.h" />
    <ClInclude Include="coProject_f.h" />
    <ClInclude Include="input\coInputContext.h">
      <Filter>input</Filter>
    </ClInclude>
    <ClInclude Include="pch.h" />
    <ClInclude Include="publicPch.h" />
    <ClInclude Include="window\coWindow.h">
      <Filter>window</Filter>
    </ClInclude>
  </ItemGroup>
  <ItemGroup>
    <ClCompile Include="coApp.cpp" />
    <ClCompile Include="coApp_win.cpp" />
    <ClCompile Include="coCommandLineArgs.cpp" />
    <ClCompile Include="coProject_f.cpp" />
    <ClCompile Include="input\coInputContext.cpp">
      <Filter>input</Filter>
    </ClCompile>
    <ClCompile Include="pch.cpp" />
    <ClCompile Include="window\coWindow.cpp">
      <Filter>window</Filter>
    </ClCompile>
    <ClCompile Include="window\coWindow_win.cpp">
      <Filter>window</Filter>
    </ClCompile>
  </ItemGroup>
</Project>