<?xml version="1.0" encoding="utf-8"?>
<Project ToolsVersion="4.0" xmlns="http://schemas.microsoft.com/developer/msbuild/2003">
  <ItemGroup>
    <Filter Include="reflect">
      <UniqueIdentifier>{0A6A3A3E-7649-B9D9-7F61-44B0EBBF1F3B}</UniqueIdentifier>
    </Filter>
    <Filter Include="result">
      <UniqueIdentifier>{04D72F19-F078-5AEF-D933-6E43C574E13F}</UniqueIdentifier>
    </Filter>
    <Filter Include="source">
      <UniqueIdentifier>{76FF3A1C-62A1-65F2-4B5C-7946379DEC42}</UniqueIdentifier>
    </Filter>
    <Filter Include="types">
      <UniqueIdentifier>{5A5E7610-C672-9EC1-8FF4-4121FBC79AF2}</UniqueIdentifier>
    </Filter>
  </ItemGroup>
  <ItemGroup>
    <ClInclude Include="coBase.h" />
    <ClInclude Include="coCompiler.h" />
    <ClInclude Include="coCppExtensions.h" />
    <ClInclude Include="coStdWrapper.h" />
    <ClInclude Include="pch.h" />
    <ClInclude Include="publicPch.h" />
    <ClInclude Include="reflect\coField.h">
      <Filter>reflect</Filter>
    </ClInclude>
    <ClInclude Include="reflect\coField_f.h">
      <Filter>reflect</Filter>
    </ClInclude>
    <ClInclude Include="reflect\coFunction.h">
      <Filter>reflect</Filter>
    </ClInclude>
    <ClInclude Include="reflect\coNumericLimits.h">
      <Filter>reflect</Filter>
    </ClInclude>
    <ClInclude Include="reflect\coSignature.h">
      <Filter>reflect</Filter>
    </ClInclude>
    <ClInclude Include="reflect\coSymbol.h">
      <Filter>reflect</Filter>
    </ClInclude>
    <ClInclude Include="reflect\coType.h">
      <Filter>reflect</Filter>
    </ClInclude>
    <ClInclude Include="reflect\coTypeAutoRegistrator.h">
      <Filter>reflect</Filter>
    </ClInclude>
    <ClInclude Include="reflect\coTypeDecl.h">
      <Filter>reflect</Filter>
    </ClInclude>
    <ClInclude Include="reflect\coTypeDecl_f.h">
      <Filter>reflect</Filter>
    </ClInclude>
    <ClInclude Include="reflect\coTypeRegistry.h">
      <Filter>reflect</Filter>
    </ClInclude>
    <ClInclude Include="reflect\coType_f.h">
      <Filter>reflect</Filter>
    </ClInclude>
    <ClInclude Include="result\coResult.h">
      <Filter>result</Filter>
    </ClInclude>
    <ClInclude Include="result\coResult_f.h">
      <Filter>result</Filter>
    </ClInclude>
    <ClInclude Include="result\coTry.h">
      <Filter>result</Filter>
    </ClInclude>
    <ClInclude Include="source\coSourceLocation.h">
      <Filter>source</Filter>
    </ClInclude>
    <ClInclude Include="types\coBaseTypes.h">
      <Filter>types</Filter>
    </ClInclude>
  </ItemGroup>
  <ItemGroup>
    <ClCompile Include="coCompiler.cpp" />
    <ClCompile Include="pch.cpp" />
    <ClCompile Include="reflect\coField.cpp">
      <Filter>reflect</Filter>
    </ClCompile>
    <ClCompile Include="reflect\coSymbol.cpp">
      <Filter>reflect</Filter>
    </ClCompile>
    <ClCompile Include="reflect\coType.cpp">
      <Filter>reflect</Filter>
    </ClCompile>
    <ClCompile Include="reflect\coTypeAutoRegistrator.cpp">
      <Filter>reflect</Filter>
    </ClCompile>
    <ClCompile Include="reflect\coTypeDecl_f.cpp">
      <Filter>reflect</Filter>
    </ClCompile>
    <ClCompile Include="reflect\coTypeRegistry.cpp">
      <Filter>reflect</Filter>
    </ClCompile>
    <ClCompile Include="reflect\coType_f.cpp">
      <Filter>reflect</Filter>
    </ClCompile>
    <ClCompile Include="result\coResult.cpp">
      <Filter>result</Filter>
    </ClCompile>
    <ClCompile Include="source\coSourceLocation.cpp">
      <Filter>source</Filter>
    </ClCompile>
    <ClCompile Include="types\coBaseTypes.cpp">
      <Filter>types</Filter>
    </ClCompile>
  </ItemGroup>
</Project>